
Microsoft Visual Studio Solution File, Format Version 12.00
# Visual Studio 15
VisualStudioVersion = 15.0.28218.60
MinimumVisualStudioVersion = 10.0.40219.1
Project("{FAE04EC0-301F-11D3-BF4B-00C04F79EFBC}") = "Colaboro.Android", "Colaboro\Colaboro.Android\Colaboro.Android.csproj", "{BC382AA3-B9EF-4A11-B1FD-B4A850FE5C54}"
EndProject
Project("{FAE04EC0-301F-11D3-BF4B-00C04F79EFBC}") = "Colaboro.iOS", "Colaboro\Colaboro.iOS\Colaboro.iOS.csproj", "{FFDC2BCC-4687-4277-9FBA-63E788FAD5BB}"
EndProject
Project("{FAE04EC0-301F-11D3-BF4B-00C04F79EFBC}") = "Colaboro.UWP", "Colaboro\Colaboro.UWP\Colaboro.UWP.csproj", "{6912DB2D-65C9-44F0-98B7-AEBE228C44A9}"
EndProject
Project("{9A19103F-16F7-4668-BE54-9A1E7A4F7556}") = "Colaboro", "Colaboro\Colaboro\Colaboro.csproj", "{4C4BA04D-D13C-40F1-B4E8-7D0FDEFE363F}"
EndProject
Project("{FAE04EC0-301F-11D3-BF4B-00C04F79EFBC}") = "Colaboro.GTK", "Colaboro.GTK\Colaboro.GTK.csproj", "{3871F81B-DC2F-485B-A7C8-0FD75A1CFD55}"
EndProject
Project("{FAE04EC0-301F-11D3-BF4B-00C04F79EFBC}") = "Colaboro.WPF", "Colaboro.WPF\Colaboro.WPF.csproj", "{A703B24B-DFF2-4AD0-9A14-72C51F5DBA96}"
EndProject
Global
	GlobalSection(SolutionConfigurationPlatforms) = preSolution
		Ad-Hoc|Any CPU = Ad-Hoc|Any CPU
		Ad-Hoc|ARM = Ad-Hoc|ARM
		Ad-Hoc|iPhone = Ad-Hoc|iPhone
		Ad-Hoc|iPhoneSimulator = Ad-Hoc|iPhoneSimulator
		Ad-Hoc|x64 = Ad-Hoc|x64
		Ad-Hoc|x86 = Ad-Hoc|x86
		AppStore|Any CPU = AppStore|Any CPU
		AppStore|ARM = AppStore|ARM
		AppStore|iPhone = AppStore|iPhone
		AppStore|iPhoneSimulator = AppStore|iPhoneSimulator
		AppStore|x64 = AppStore|x64
		AppStore|x86 = AppStore|x86
		Debug|Any CPU = Debug|Any CPU
		Debug|ARM = Debug|ARM
		Debug|iPhone = Debug|iPhone
		Debug|iPhoneSimulator = Debug|iPhoneSimulator
		Debug|x64 = Debug|x64
		Debug|x86 = Debug|x86
		Release|Any CPU = Release|Any CPU
		Release|ARM = Release|ARM
		Release|iPhone = Release|iPhone
		Release|iPhoneSimulator = Release|iPhoneSimulator
		Release|x64 = Release|x64
		Release|x86 = Release|x86
	EndGlobalSection
	GlobalSection(ProjectConfigurationPlatforms) = postSolution
		{BC382AA3-B9EF-4A11-B1FD-B4A850FE5C54}.Ad-Hoc|Any CPU.ActiveCfg = Release|Any CPU
		{BC382AA3-B9EF-4A11-B1FD-B4A850FE5C54}.Ad-Hoc|Any CPU.Build.0 = Release|Any CPU
		{BC382AA3-B9EF-4A11-B1FD-B4A850FE5C54}.Ad-Hoc|Any CPU.Deploy.0 = Release|Any CPU
		{BC382AA3-B9EF-4A11-B1FD-B4A850FE5C54}.Ad-Hoc|ARM.ActiveCfg = Release|Any CPU
		{BC382AA3-B9EF-4A11-B1FD-B4A850FE5C54}.Ad-Hoc|ARM.Build.0 = Release|Any CPU
		{BC382AA3-B9EF-4A11-B1FD-B4A850FE5C54}.Ad-Hoc|ARM.Deploy.0 = Release|Any CPU
		{BC382AA3-B9EF-4A11-B1FD-B4A850FE5C54}.Ad-Hoc|iPhone.ActiveCfg = Release|Any CPU
		{BC382AA3-B9EF-4A11-B1FD-B4A850FE5C54}.Ad-Hoc|iPhone.Build.0 = Release|Any CPU
		{BC382AA3-B9EF-4A11-B1FD-B4A850FE5C54}.Ad-Hoc|iPhone.Deploy.0 = Release|Any CPU
		{BC382AA3-B9EF-4A11-B1FD-B4A850FE5C54}.Ad-Hoc|iPhoneSimulator.ActiveCfg = Release|Any CPU
		{BC382AA3-B9EF-4A11-B1FD-B4A850FE5C54}.Ad-Hoc|iPhoneSimulator.Build.0 = Release|Any CPU
		{BC382AA3-B9EF-4A11-B1FD-B4A850FE5C54}.Ad-Hoc|iPhoneSimulator.Deploy.0 = Release|Any CPU
		{BC382AA3-B9EF-4A11-B1FD-B4A850FE5C54}.Ad-Hoc|x64.ActiveCfg = Release|Any CPU
		{BC382AA3-B9EF-4A11-B1FD-B4A850FE5C54}.Ad-Hoc|x64.Build.0 = Release|Any CPU
		{BC382AA3-B9EF-4A11-B1FD-B4A850FE5C54}.Ad-Hoc|x64.Deploy.0 = Release|Any CPU
		{BC382AA3-B9EF-4A11-B1FD-B4A850FE5C54}.Ad-Hoc|x86.ActiveCfg = Release|Any CPU
		{BC382AA3-B9EF-4A11-B1FD-B4A850FE5C54}.Ad-Hoc|x86.Build.0 = Release|Any CPU
		{BC382AA3-B9EF-4A11-B1FD-B4A850FE5C54}.Ad-Hoc|x86.Deploy.0 = Release|Any CPU
		{BC382AA3-B9EF-4A11-B1FD-B4A850FE5C54}.AppStore|Any CPU.ActiveCfg = Release|Any CPU
		{BC382AA3-B9EF-4A11-B1FD-B4A850FE5C54}.AppStore|Any CPU.Build.0 = Release|Any CPU
		{BC382AA3-B9EF-4A11-B1FD-B4A850FE5C54}.AppStore|Any CPU.Deploy.0 = Release|Any CPU
		{BC382AA3-B9EF-4A11-B1FD-B4A850FE5C54}.AppStore|ARM.ActiveCfg = Release|Any CPU
		{BC382AA3-B9EF-4A11-B1FD-B4A850FE5C54}.AppStore|ARM.Build.0 = Release|Any CPU
		{BC382AA3-B9EF-4A11-B1FD-B4A850FE5C54}.AppStore|ARM.Deploy.0 = Release|Any CPU
		{BC382AA3-B9EF-4A11-B1FD-B4A850FE5C54}.AppStore|iPhone.ActiveCfg = Release|Any CPU
		{BC382AA3-B9EF-4A11-B1FD-B4A850FE5C54}.AppStore|iPhone.Build.0 = Release|Any CPU
		{BC382AA3-B9EF-4A11-B1FD-B4A850FE5C54}.AppStore|iPhone.Deploy.0 = Release|Any CPU
		{BC382AA3-B9EF-4A11-B1FD-B4A850FE5C54}.AppStore|iPhoneSimulator.ActiveCfg = Release|Any CPU
		{BC382AA3-B9EF-4A11-B1FD-B4A850FE5C54}.AppStore|iPhoneSimulator.Build.0 = Release|Any CPU
		{BC382AA3-B9EF-4A11-B1FD-B4A850FE5C54}.AppStore|iPhoneSimulator.Deploy.0 = Release|Any CPU
		{BC382AA3-B9EF-4A11-B1FD-B4A850FE5C54}.AppStore|x64.ActiveCfg = Release|Any CPU
		{BC382AA3-B9EF-4A11-B1FD-B4A850FE5C54}.AppStore|x64.Build.0 = Release|Any CPU
		{BC382AA3-B9EF-4A11-B1FD-B4A850FE5C54}.AppStore|x64.Deploy.0 = Release|Any CPU
		{BC382AA3-B9EF-4A11-B1FD-B4A850FE5C54}.AppStore|x86.ActiveCfg = Release|Any CPU
		{BC382AA3-B9EF-4A11-B1FD-B4A850FE5C54}.AppStore|x86.Build.0 = Release|Any CPU
		{BC382AA3-B9EF-4A11-B1FD-B4A850FE5C54}.AppStore|x86.Deploy.0 = Release|Any CPU
		{BC382AA3-B9EF-4A11-B1FD-B4A850FE5C54}.Debug|Any CPU.ActiveCfg = Debug|Any CPU
		{BC382AA3-B9EF-4A11-B1FD-B4A850FE5C54}.Debug|Any CPU.Build.0 = Debug|Any CPU
		{BC382AA3-B9EF-4A11-B1FD-B4A850FE5C54}.Debug|Any CPU.Deploy.0 = Debug|Any CPU
		{BC382AA3-B9EF-4A11-B1FD-B4A850FE5C54}.Debug|ARM.ActiveCfg = Debug|Any CPU
		{BC382AA3-B9EF-4A11-B1FD-B4A850FE5C54}.Debug|ARM.Build.0 = Debug|Any CPU
		{BC382AA3-B9EF-4A11-B1FD-B4A850FE5C54}.Debug|ARM.Deploy.0 = Debug|Any CPU
		{BC382AA3-B9EF-4A11-B1FD-B4A850FE5C54}.Debug|iPhone.ActiveCfg = Debug|Any CPU
		{BC382AA3-B9EF-4A11-B1FD-B4A850FE5C54}.Debug|iPhone.Build.0 = Debug|Any CPU
		{BC382AA3-B9EF-4A11-B1FD-B4A850FE5C54}.Debug|iPhone.Deploy.0 = Debug|Any CPU
		{BC382AA3-B9EF-4A11-B1FD-B4A850FE5C54}.Debug|iPhoneSimulator.ActiveCfg = Debug|Any CPU
		{BC382AA3-B9EF-4A11-B1FD-B4A850FE5C54}.Debug|iPhoneSimulator.Build.0 = Debug|Any CPU
		{BC382AA3-B9EF-4A11-B1FD-B4A850FE5C54}.Debug|iPhoneSimulator.Deploy.0 = Debug|Any CPU
		{BC382AA3-B9EF-4A11-B1FD-B4A850FE5C54}.Debug|x64.ActiveCfg = Debug|Any CPU
		{BC382AA3-B9EF-4A11-B1FD-B4A850FE5C54}.Debug|x64.Build.0 = Debug|Any CPU
		{BC382AA3-B9EF-4A11-B1FD-B4A850FE5C54}.Debug|x64.Deploy.0 = Debug|Any CPU
		{BC382AA3-B9EF-4A11-B1FD-B4A850FE5C54}.Debug|x86.ActiveCfg = Debug|Any CPU
		{BC382AA3-B9EF-4A11-B1FD-B4A850FE5C54}.Debug|x86.Build.0 = Debug|Any CPU
		{BC382AA3-B9EF-4A11-B1FD-B4A850FE5C54}.Debug|x86.Deploy.0 = Debug|Any CPU
		{BC382AA3-B9EF-4A11-B1FD-B4A850FE5C54}.Release|Any CPU.ActiveCfg = Release|Any CPU
		{BC382AA3-B9EF-4A11-B1FD-B4A850FE5C54}.Release|Any CPU.Build.0 = Release|Any CPU
		{BC382AA3-B9EF-4A11-B1FD-B4A850FE5C54}.Release|Any CPU.Deploy.0 = Release|Any CPU
		{BC382AA3-B9EF-4A11-B1FD-B4A850FE5C54}.Release|ARM.ActiveCfg = Release|Any CPU
		{BC382AA3-B9EF-4A11-B1FD-B4A850FE5C54}.Release|ARM.Build.0 = Release|Any CPU
		{BC382AA3-B9EF-4A11-B1FD-B4A850FE5C54}.Release|ARM.Deploy.0 = Release|Any CPU
		{BC382AA3-B9EF-4A11-B1FD-B4A850FE5C54}.Release|iPhone.ActiveCfg = Release|Any CPU
		{BC382AA3-B9EF-4A11-B1FD-B4A850FE5C54}.Release|iPhone.Build.0 = Release|Any CPU
		{BC382AA3-B9EF-4A11-B1FD-B4A850FE5C54}.Release|iPhone.Deploy.0 = Release|Any CPU
		{BC382AA3-B9EF-4A11-B1FD-B4A850FE5C54}.Release|iPhoneSimulator.ActiveCfg = Release|Any CPU
		{BC382AA3-B9EF-4A11-B1FD-B4A850FE5C54}.Release|iPhoneSimulator.Build.0 = Release|Any CPU
		{BC382AA3-B9EF-4A11-B1FD-B4A850FE5C54}.Release|iPhoneSimulator.Deploy.0 = Release|Any CPU
		{BC382AA3-B9EF-4A11-B1FD-B4A850FE5C54}.Release|x64.ActiveCfg = Release|Any CPU
		{BC382AA3-B9EF-4A11-B1FD-B4A850FE5C54}.Release|x64.Build.0 = Release|Any CPU
		{BC382AA3-B9EF-4A11-B1FD-B4A850FE5C54}.Release|x64.Deploy.0 = Release|Any CPU
		{BC382AA3-B9EF-4A11-B1FD-B4A850FE5C54}.Release|x86.ActiveCfg = Release|Any CPU
		{BC382AA3-B9EF-4A11-B1FD-B4A850FE5C54}.Release|x86.Build.0 = Release|Any CPU
		{BC382AA3-B9EF-4A11-B1FD-B4A850FE5C54}.Release|x86.Deploy.0 = Release|Any CPU
		{FFDC2BCC-4687-4277-9FBA-63E788FAD5BB}.Ad-Hoc|Any CPU.ActiveCfg = Ad-Hoc|iPhone
		{FFDC2BCC-4687-4277-9FBA-63E788FAD5BB}.Ad-Hoc|Any CPU.Build.0 = Ad-Hoc|iPhone
		{FFDC2BCC-4687-4277-9FBA-63E788FAD5BB}.Ad-Hoc|Any CPU.Deploy.0 = Ad-Hoc|iPhone
		{FFDC2BCC-4687-4277-9FBA-63E788FAD5BB}.Ad-Hoc|ARM.ActiveCfg = Ad-Hoc|iPhone
		{FFDC2BCC-4687-4277-9FBA-63E788FAD5BB}.Ad-Hoc|ARM.Build.0 = Ad-Hoc|iPhone
		{FFDC2BCC-4687-4277-9FBA-63E788FAD5BB}.Ad-Hoc|ARM.Deploy.0 = Ad-Hoc|iPhone
		{FFDC2BCC-4687-4277-9FBA-63E788FAD5BB}.Ad-Hoc|iPhone.ActiveCfg = Ad-Hoc|iPhone
		{FFDC2BCC-4687-4277-9FBA-63E788FAD5BB}.Ad-Hoc|iPhone.Build.0 = Ad-Hoc|iPhone
		{FFDC2BCC-4687-4277-9FBA-63E788FAD5BB}.Ad-Hoc|iPhone.Deploy.0 = Ad-Hoc|iPhone
		{FFDC2BCC-4687-4277-9FBA-63E788FAD5BB}.Ad-Hoc|iPhoneSimulator.ActiveCfg = Ad-Hoc|iPhoneSimulator
		{FFDC2BCC-4687-4277-9FBA-63E788FAD5BB}.Ad-Hoc|iPhoneSimulator.Build.0 = Ad-Hoc|iPhoneSimulator
		{FFDC2BCC-4687-4277-9FBA-63E788FAD5BB}.Ad-Hoc|iPhoneSimulator.Deploy.0 = Ad-Hoc|iPhoneSimulator
		{FFDC2BCC-4687-4277-9FBA-63E788FAD5BB}.Ad-Hoc|x64.ActiveCfg = Ad-Hoc|iPhone
		{FFDC2BCC-4687-4277-9FBA-63E788FAD5BB}.Ad-Hoc|x64.Build.0 = Ad-Hoc|iPhone
		{FFDC2BCC-4687-4277-9FBA-63E788FAD5BB}.Ad-Hoc|x64.Deploy.0 = Ad-Hoc|iPhone
		{FFDC2BCC-4687-4277-9FBA-63E788FAD5BB}.Ad-Hoc|x86.ActiveCfg = Ad-Hoc|iPhone
		{FFDC2BCC-4687-4277-9FBA-63E788FAD5BB}.Ad-Hoc|x86.Build.0 = Ad-Hoc|iPhone
		{FFDC2BCC-4687-4277-9FBA-63E788FAD5BB}.Ad-Hoc|x86.Deploy.0 = Ad-Hoc|iPhone
		{FFDC2BCC-4687-4277-9FBA-63E788FAD5BB}.AppStore|Any CPU.ActiveCfg = AppStore|iPhone
		{FFDC2BCC-4687-4277-9FBA-63E788FAD5BB}.AppStore|Any CPU.Build.0 = AppStore|iPhone
		{FFDC2BCC-4687-4277-9FBA-63E788FAD5BB}.AppStore|Any CPU.Deploy.0 = AppStore|iPhone
		{FFDC2BCC-4687-4277-9FBA-63E788FAD5BB}.AppStore|ARM.ActiveCfg = AppStore|iPhone
		{FFDC2BCC-4687-4277-9FBA-63E788FAD5BB}.AppStore|ARM.Build.0 = AppStore|iPhone
		{FFDC2BCC-4687-4277-9FBA-63E788FAD5BB}.AppStore|ARM.Deploy.0 = AppStore|iPhone
		{FFDC2BCC-4687-4277-9FBA-63E788FAD5BB}.AppStore|iPhone.ActiveCfg = AppStore|iPhone
		{FFDC2BCC-4687-4277-9FBA-63E788FAD5BB}.AppStore|iPhone.Build.0 = AppStore|iPhone
		{FFDC2BCC-4687-4277-9FBA-63E788FAD5BB}.AppStore|iPhone.Deploy.0 = AppStore|iPhone
		{FFDC2BCC-4687-4277-9FBA-63E788FAD5BB}.AppStore|iPhoneSimulator.ActiveCfg = AppStore|iPhoneSimulator
		{FFDC2BCC-4687-4277-9FBA-63E788FAD5BB}.AppStore|iPhoneSimulator.Build.0 = AppStore|iPhoneSimulator
		{FFDC2BCC-4687-4277-9FBA-63E788FAD5BB}.AppStore|iPhoneSimulator.Deploy.0 = AppStore|iPhoneSimulator
		{FFDC2BCC-4687-4277-9FBA-63E788FAD5BB}.AppStore|x64.ActiveCfg = AppStore|iPhone
		{FFDC2BCC-4687-4277-9FBA-63E788FAD5BB}.AppStore|x64.Build.0 = AppStore|iPhone
		{FFDC2BCC-4687-4277-9FBA-63E788FAD5BB}.AppStore|x64.Deploy.0 = AppStore|iPhone
		{FFDC2BCC-4687-4277-9FBA-63E788FAD5BB}.AppStore|x86.ActiveCfg = AppStore|iPhone
		{FFDC2BCC-4687-4277-9FBA-63E788FAD5BB}.AppStore|x86.Build.0 = AppStore|iPhone
		{FFDC2BCC-4687-4277-9FBA-63E788FAD5BB}.AppStore|x86.Deploy.0 = AppStore|iPhone
		{FFDC2BCC-4687-4277-9FBA-63E788FAD5BB}.Debug|Any CPU.ActiveCfg = Debug|iPhoneSimulator
		{FFDC2BCC-4687-4277-9FBA-63E788FAD5BB}.Debug|Any CPU.Build.0 = Debug|iPhoneSimulator
		{FFDC2BCC-4687-4277-9FBA-63E788FAD5BB}.Debug|Any CPU.Deploy.0 = Debug|iPhoneSimulator
		{FFDC2BCC-4687-4277-9FBA-63E788FAD5BB}.Debug|ARM.ActiveCfg = Debug|iPhone
		{FFDC2BCC-4687-4277-9FBA-63E788FAD5BB}.Debug|ARM.Build.0 = Debug|iPhone
		{FFDC2BCC-4687-4277-9FBA-63E788FAD5BB}.Debug|ARM.Deploy.0 = Debug|iPhone
		{FFDC2BCC-4687-4277-9FBA-63E788FAD5BB}.Debug|iPhone.ActiveCfg = Debug|iPhone
		{FFDC2BCC-4687-4277-9FBA-63E788FAD5BB}.Debug|iPhone.Build.0 = Debug|iPhone
		{FFDC2BCC-4687-4277-9FBA-63E788FAD5BB}.Debug|iPhone.Deploy.0 = Debug|iPhone
		{FFDC2BCC-4687-4277-9FBA-63E788FAD5BB}.Debug|iPhoneSimulator.ActiveCfg = Debug|iPhoneSimulator
		{FFDC2BCC-4687-4277-9FBA-63E788FAD5BB}.Debug|iPhoneSimulator.Build.0 = Debug|iPhoneSimulator
		{FFDC2BCC-4687-4277-9FBA-63E788FAD5BB}.Debug|iPhoneSimulator.Deploy.0 = Debug|iPhoneSimulator
		{FFDC2BCC-4687-4277-9FBA-63E788FAD5BB}.Debug|x64.ActiveCfg = Debug|iPhone
		{FFDC2BCC-4687-4277-9FBA-63E788FAD5BB}.Debug|x64.Build.0 = Debug|iPhone
		{FFDC2BCC-4687-4277-9FBA-63E788FAD5BB}.Debug|x64.Deploy.0 = Debug|iPhone
		{FFDC2BCC-4687-4277-9FBA-63E788FAD5BB}.Debug|x86.ActiveCfg = Debug|iPhone
		{FFDC2BCC-4687-4277-9FBA-63E788FAD5BB}.Debug|x86.Build.0 = Debug|iPhone
		{FFDC2BCC-4687-4277-9FBA-63E788FAD5BB}.Debug|x86.Deploy.0 = Debug|iPhone
		{FFDC2BCC-4687-4277-9FBA-63E788FAD5BB}.Release|Any CPU.ActiveCfg = Release|iPhone
		{FFDC2BCC-4687-4277-9FBA-63E788FAD5BB}.Release|Any CPU.Build.0 = Release|iPhone
		{FFDC2BCC-4687-4277-9FBA-63E788FAD5BB}.Release|Any CPU.Deploy.0 = Release|iPhone
		{FFDC2BCC-4687-4277-9FBA-63E788FAD5BB}.Release|ARM.ActiveCfg = Release|iPhone
		{FFDC2BCC-4687-4277-9FBA-63E788FAD5BB}.Release|ARM.Build.0 = Release|iPhone
		{FFDC2BCC-4687-4277-9FBA-63E788FAD5BB}.Release|ARM.Deploy.0 = Release|iPhone
		{FFDC2BCC-4687-4277-9FBA-63E788FAD5BB}.Release|iPhone.ActiveCfg = Release|iPhone
		{FFDC2BCC-4687-4277-9FBA-63E788FAD5BB}.Release|iPhone.Build.0 = Release|iPhone
		{FFDC2BCC-4687-4277-9FBA-63E788FAD5BB}.Release|iPhone.Deploy.0 = Release|iPhone
		{FFDC2BCC-4687-4277-9FBA-63E788FAD5BB}.Release|iPhoneSimulator.ActiveCfg = Release|iPhoneSimulator
		{FFDC2BCC-4687-4277-9FBA-63E788FAD5BB}.Release|iPhoneSimulator.Build.0 = Release|iPhoneSimulator
		{FFDC2BCC-4687-4277-9FBA-63E788FAD5BB}.Release|iPhoneSimulator.Deploy.0 = Release|iPhoneSimulator
		{FFDC2BCC-4687-4277-9FBA-63E788FAD5BB}.Release|x64.ActiveCfg = Release|iPhone
		{FFDC2BCC-4687-4277-9FBA-63E788FAD5BB}.Release|x64.Build.0 = Release|iPhone
		{FFDC2BCC-4687-4277-9FBA-63E788FAD5BB}.Release|x64.Deploy.0 = Release|iPhone
		{FFDC2BCC-4687-4277-9FBA-63E788FAD5BB}.Release|x86.ActiveCfg = Release|iPhone
		{FFDC2BCC-4687-4277-9FBA-63E788FAD5BB}.Release|x86.Build.0 = Release|iPhone
		{FFDC2BCC-4687-4277-9FBA-63E788FAD5BB}.Release|x86.Deploy.0 = Release|iPhone
		{6912DB2D-65C9-44F0-98B7-AEBE228C44A9}.Ad-Hoc|Any CPU.ActiveCfg = Release|x86
		{6912DB2D-65C9-44F0-98B7-AEBE228C44A9}.Ad-Hoc|Any CPU.Build.0 = Release|x86
		{6912DB2D-65C9-44F0-98B7-AEBE228C44A9}.Ad-Hoc|Any CPU.Deploy.0 = Release|x86
		{6912DB2D-65C9-44F0-98B7-AEBE228C44A9}.Ad-Hoc|ARM.ActiveCfg = Release|ARM
		{6912DB2D-65C9-44F0-98B7-AEBE228C44A9}.Ad-Hoc|ARM.Build.0 = Release|ARM
		{6912DB2D-65C9-44F0-98B7-AEBE228C44A9}.Ad-Hoc|ARM.Deploy.0 = Release|ARM
		{6912DB2D-65C9-44F0-98B7-AEBE228C44A9}.Ad-Hoc|iPhone.ActiveCfg = Release|x86
		{6912DB2D-65C9-44F0-98B7-AEBE228C44A9}.Ad-Hoc|iPhone.Build.0 = Release|x86
		{6912DB2D-65C9-44F0-98B7-AEBE228C44A9}.Ad-Hoc|iPhone.Deploy.0 = Release|x86
		{6912DB2D-65C9-44F0-98B7-AEBE228C44A9}.Ad-Hoc|iPhoneSimulator.ActiveCfg = Release|x86
		{6912DB2D-65C9-44F0-98B7-AEBE228C44A9}.Ad-Hoc|iPhoneSimulator.Build.0 = Release|x86
		{6912DB2D-65C9-44F0-98B7-AEBE228C44A9}.Ad-Hoc|iPhoneSimulator.Deploy.0 = Release|x86
		{6912DB2D-65C9-44F0-98B7-AEBE228C44A9}.Ad-Hoc|x64.ActiveCfg = Release|x64
		{6912DB2D-65C9-44F0-98B7-AEBE228C44A9}.Ad-Hoc|x64.Build.0 = Release|x64
		{6912DB2D-65C9-44F0-98B7-AEBE228C44A9}.Ad-Hoc|x64.Deploy.0 = Release|x64
		{6912DB2D-65C9-44F0-98B7-AEBE228C44A9}.Ad-Hoc|x86.ActiveCfg = Release|x86
		{6912DB2D-65C9-44F0-98B7-AEBE228C44A9}.Ad-Hoc|x86.Build.0 = Release|x86
		{6912DB2D-65C9-44F0-98B7-AEBE228C44A9}.Ad-Hoc|x86.Deploy.0 = Release|x86
		{6912DB2D-65C9-44F0-98B7-AEBE228C44A9}.AppStore|Any CPU.ActiveCfg = Release|x86
		{6912DB2D-65C9-44F0-98B7-AEBE228C44A9}.AppStore|Any CPU.Build.0 = Release|x86
		{6912DB2D-65C9-44F0-98B7-AEBE228C44A9}.AppStore|Any CPU.Deploy.0 = Release|x86
		{6912DB2D-65C9-44F0-98B7-AEBE228C44A9}.AppStore|ARM.ActiveCfg = Release|ARM
		{6912DB2D-65C9-44F0-98B7-AEBE228C44A9}.AppStore|ARM.Build.0 = Release|ARM
		{6912DB2D-65C9-44F0-98B7-AEBE228C44A9}.AppStore|ARM.Deploy.0 = Release|ARM
		{6912DB2D-65C9-44F0-98B7-AEBE228C44A9}.AppStore|iPhone.ActiveCfg = Release|x86
		{6912DB2D-65C9-44F0-98B7-AEBE228C44A9}.AppStore|iPhone.Build.0 = Release|x86
		{6912DB2D-65C9-44F0-98B7-AEBE228C44A9}.AppStore|iPhone.Deploy.0 = Release|x86
		{6912DB2D-65C9-44F0-98B7-AEBE228C44A9}.AppStore|iPhoneSimulator.ActiveCfg = Release|x86
		{6912DB2D-65C9-44F0-98B7-AEBE228C44A9}.AppStore|iPhoneSimulator.Build.0 = Release|x86
		{6912DB2D-65C9-44F0-98B7-AEBE228C44A9}.AppStore|iPhoneSimulator.Deploy.0 = Release|x86
		{6912DB2D-65C9-44F0-98B7-AEBE228C44A9}.AppStore|x64.ActiveCfg = Release|x64
		{6912DB2D-65C9-44F0-98B7-AEBE228C44A9}.AppStore|x64.Build.0 = Release|x64
		{6912DB2D-65C9-44F0-98B7-AEBE228C44A9}.AppStore|x64.Deploy.0 = Release|x64
		{6912DB2D-65C9-44F0-98B7-AEBE228C44A9}.AppStore|x86.ActiveCfg = Release|x86
		{6912DB2D-65C9-44F0-98B7-AEBE228C44A9}.AppStore|x86.Build.0 = Release|x86
		{6912DB2D-65C9-44F0-98B7-AEBE228C44A9}.AppStore|x86.Deploy.0 = Release|x86
		{6912DB2D-65C9-44F0-98B7-AEBE228C44A9}.Debug|Any CPU.ActiveCfg = Debug|x86
		{6912DB2D-65C9-44F0-98B7-AEBE228C44A9}.Debug|Any CPU.Build.0 = Debug|x86
		{6912DB2D-65C9-44F0-98B7-AEBE228C44A9}.Debug|Any CPU.Deploy.0 = Debug|x86
		{6912DB2D-65C9-44F0-98B7-AEBE228C44A9}.Debug|ARM.ActiveCfg = Debug|ARM
		{6912DB2D-65C9-44F0-98B7-AEBE228C44A9}.Debug|ARM.Build.0 = Debug|ARM
		{6912DB2D-65C9-44F0-98B7-AEBE228C44A9}.Debug|ARM.Deploy.0 = Debug|ARM
		{6912DB2D-65C9-44F0-98B7-AEBE228C44A9}.Debug|iPhone.ActiveCfg = Debug|x86
		{6912DB2D-65C9-44F0-98B7-AEBE228C44A9}.Debug|iPhone.Build.0 = Debug|x86
		{6912DB2D-65C9-44F0-98B7-AEBE228C44A9}.Debug|iPhone.Deploy.0 = Debug|x86
		{6912DB2D-65C9-44F0-98B7-AEBE228C44A9}.Debug|iPhoneSimulator.ActiveCfg = Debug|x86
		{6912DB2D-65C9-44F0-98B7-AEBE228C44A9}.Debug|iPhoneSimulator.Build.0 = Debug|x86
		{6912DB2D-65C9-44F0-98B7-AEBE228C44A9}.Debug|iPhoneSimulator.Deploy.0 = Debug|x86
		{6912DB2D-65C9-44F0-98B7-AEBE228C44A9}.Debug|x64.ActiveCfg = Debug|x64
		{6912DB2D-65C9-44F0-98B7-AEBE228C44A9}.Debug|x64.Build.0 = Debug|x64
		{6912DB2D-65C9-44F0-98B7-AEBE228C44A9}.Debug|x64.Deploy.0 = Debug|x64
		{6912DB2D-65C9-44F0-98B7-AEBE228C44A9}.Debug|x86.ActiveCfg = Debug|x86
		{6912DB2D-65C9-44F0-98B7-AEBE228C44A9}.Debug|x86.Build.0 = Debug|x86
		{6912DB2D-65C9-44F0-98B7-AEBE228C44A9}.Debug|x86.Deploy.0 = Debug|x86
		{6912DB2D-65C9-44F0-98B7-AEBE228C44A9}.Release|Any CPU.ActiveCfg = Release|x86
		{6912DB2D-65C9-44F0-98B7-AEBE228C44A9}.Release|Any CPU.Build.0 = Release|x86
		{6912DB2D-65C9-44F0-98B7-AEBE228C44A9}.Release|Any CPU.Deploy.0 = Release|x86
		{6912DB2D-65C9-44F0-98B7-AEBE228C44A9}.Release|ARM.ActiveCfg = Release|ARM
		{6912DB2D-65C9-44F0-98B7-AEBE228C44A9}.Release|ARM.Build.0 = Release|ARM
		{6912DB2D-65C9-44F0-98B7-AEBE228C44A9}.Release|ARM.Deploy.0 = Release|ARM
		{6912DB2D-65C9-44F0-98B7-AEBE228C44A9}.Release|iPhone.ActiveCfg = Release|x86
		{6912DB2D-65C9-44F0-98B7-AEBE228C44A9}.Release|iPhone.Build.0 = Release|x86
		{6912DB2D-65C9-44F0-98B7-AEBE228C44A9}.Release|iPhone.Deploy.0 = Release|x86
		{6912DB2D-65C9-44F0-98B7-AEBE228C44A9}.Release|iPhoneSimulator.ActiveCfg = Release|x86
		{6912DB2D-65C9-44F0-98B7-AEBE228C44A9}.Release|iPhoneSimulator.Build.0 = Release|x86
		{6912DB2D-65C9-44F0-98B7-AEBE228C44A9}.Release|iPhoneSimulator.Deploy.0 = Release|x86
		{6912DB2D-65C9-44F0-98B7-AEBE228C44A9}.Release|x64.ActiveCfg = Release|x64
		{6912DB2D-65C9-44F0-98B7-AEBE228C44A9}.Release|x64.Build.0 = Release|x64
		{6912DB2D-65C9-44F0-98B7-AEBE228C44A9}.Release|x64.Deploy.0 = Release|x64
		{6912DB2D-65C9-44F0-98B7-AEBE228C44A9}.Release|x86.ActiveCfg = Release|x86
		{6912DB2D-65C9-44F0-98B7-AEBE228C44A9}.Release|x86.Build.0 = Release|x86
		{6912DB2D-65C9-44F0-98B7-AEBE228C44A9}.Release|x86.Deploy.0 = Release|x86
		{4C4BA04D-D13C-40F1-B4E8-7D0FDEFE363F}.Ad-Hoc|Any CPU.ActiveCfg = Debug|Any CPU
		{4C4BA04D-D13C-40F1-B4E8-7D0FDEFE363F}.Ad-Hoc|Any CPU.Build.0 = Debug|Any CPU
		{4C4BA04D-D13C-40F1-B4E8-7D0FDEFE363F}.Ad-Hoc|Any CPU.Deploy.0 = Debug|Any CPU
		{4C4BA04D-D13C-40F1-B4E8-7D0FDEFE363F}.Ad-Hoc|ARM.ActiveCfg = Debug|Any CPU
		{4C4BA04D-D13C-40F1-B4E8-7D0FDEFE363F}.Ad-Hoc|ARM.Build.0 = Debug|Any CPU
		{4C4BA04D-D13C-40F1-B4E8-7D0FDEFE363F}.Ad-Hoc|ARM.Deploy.0 = Debug|Any CPU
		{4C4BA04D-D13C-40F1-B4E8-7D0FDEFE363F}.Ad-Hoc|iPhone.ActiveCfg = Debug|Any CPU
		{4C4BA04D-D13C-40F1-B4E8-7D0FDEFE363F}.Ad-Hoc|iPhone.Build.0 = Debug|Any CPU
		{4C4BA04D-D13C-40F1-B4E8-7D0FDEFE363F}.Ad-Hoc|iPhone.Deploy.0 = Debug|Any CPU
		{4C4BA04D-D13C-40F1-B4E8-7D0FDEFE363F}.Ad-Hoc|iPhoneSimulator.ActiveCfg = Debug|Any CPU
		{4C4BA04D-D13C-40F1-B4E8-7D0FDEFE363F}.Ad-Hoc|iPhoneSimulator.Build.0 = Debug|Any CPU
		{4C4BA04D-D13C-40F1-B4E8-7D0FDEFE363F}.Ad-Hoc|iPhoneSimulator.Deploy.0 = Debug|Any CPU
		{4C4BA04D-D13C-40F1-B4E8-7D0FDEFE363F}.Ad-Hoc|x64.ActiveCfg = Debug|Any CPU
		{4C4BA04D-D13C-40F1-B4E8-7D0FDEFE363F}.Ad-Hoc|x64.Build.0 = Debug|Any CPU
		{4C4BA04D-D13C-40F1-B4E8-7D0FDEFE363F}.Ad-Hoc|x64.Deploy.0 = Debug|Any CPU
		{4C4BA04D-D13C-40F1-B4E8-7D0FDEFE363F}.Ad-Hoc|x86.ActiveCfg = Debug|Any CPU
		{4C4BA04D-D13C-40F1-B4E8-7D0FDEFE363F}.Ad-Hoc|x86.Build.0 = Debug|Any CPU
		{4C4BA04D-D13C-40F1-B4E8-7D0FDEFE363F}.Ad-Hoc|x86.Deploy.0 = Debug|Any CPU
		{4C4BA04D-D13C-40F1-B4E8-7D0FDEFE363F}.AppStore|Any CPU.ActiveCfg = Debug|Any CPU
		{4C4BA04D-D13C-40F1-B4E8-7D0FDEFE363F}.AppStore|Any CPU.Build.0 = Debug|Any CPU
		{4C4BA04D-D13C-40F1-B4E8-7D0FDEFE363F}.AppStore|Any CPU.Deploy.0 = Debug|Any CPU
		{4C4BA04D-D13C-40F1-B4E8-7D0FDEFE363F}.AppStore|ARM.ActiveCfg = Debug|Any CPU
		{4C4BA04D-D13C-40F1-B4E8-7D0FDEFE363F}.AppStore|ARM.Build.0 = Debug|Any CPU
		{4C4BA04D-D13C-40F1-B4E8-7D0FDEFE363F}.AppStore|ARM.Deploy.0 = Debug|Any CPU
		{4C4BA04D-D13C-40F1-B4E8-7D0FDEFE363F}.AppStore|iPhone.ActiveCfg = Debug|Any CPU
		{4C4BA04D-D13C-40F1-B4E8-7D0FDEFE363F}.AppStore|iPhone.Build.0 = Debug|Any CPU
		{4C4BA04D-D13C-40F1-B4E8-7D0FDEFE363F}.AppStore|iPhone.Deploy.0 = Debug|Any CPU
		{4C4BA04D-D13C-40F1-B4E8-7D0FDEFE363F}.AppStore|iPhoneSimulator.ActiveCfg = Debug|Any CPU
		{4C4BA04D-D13C-40F1-B4E8-7D0FDEFE363F}.AppStore|iPhoneSimulator.Build.0 = Debug|Any CPU
		{4C4BA04D-D13C-40F1-B4E8-7D0FDEFE363F}.AppStore|iPhoneSimulator.Deploy.0 = Debug|Any CPU
		{4C4BA04D-D13C-40F1-B4E8-7D0FDEFE363F}.AppStore|x64.ActiveCfg = Debug|Any CPU
		{4C4BA04D-D13C-40F1-B4E8-7D0FDEFE363F}.AppStore|x64.Build.0 = Debug|Any CPU
		{4C4BA04D-D13C-40F1-B4E8-7D0FDEFE363F}.AppStore|x64.Deploy.0 = Debug|Any CPU
		{4C4BA04D-D13C-40F1-B4E8-7D0FDEFE363F}.AppStore|x86.ActiveCfg = Debug|Any CPU
		{4C4BA04D-D13C-40F1-B4E8-7D0FDEFE363F}.AppStore|x86.Build.0 = Debug|Any CPU
		{4C4BA04D-D13C-40F1-B4E8-7D0FDEFE363F}.AppStore|x86.Deploy.0 = Debug|Any CPU
		{4C4BA04D-D13C-40F1-B4E8-7D0FDEFE363F}.Debug|Any CPU.ActiveCfg = Debug|Any CPU
		{4C4BA04D-D13C-40F1-B4E8-7D0FDEFE363F}.Debug|Any CPU.Build.0 = Debug|Any CPU
		{4C4BA04D-D13C-40F1-B4E8-7D0FDEFE363F}.Debug|Any CPU.Deploy.0 = Debug|Any CPU
		{4C4BA04D-D13C-40F1-B4E8-7D0FDEFE363F}.Debug|ARM.ActiveCfg = Debug|Any CPU
		{4C4BA04D-D13C-40F1-B4E8-7D0FDEFE363F}.Debug|ARM.Build.0 = Debug|Any CPU
		{4C4BA04D-D13C-40F1-B4E8-7D0FDEFE363F}.Debug|ARM.Deploy.0 = Debug|Any CPU
		{4C4BA04D-D13C-40F1-B4E8-7D0FDEFE363F}.Debug|iPhone.ActiveCfg = Debug|Any CPU
		{4C4BA04D-D13C-40F1-B4E8-7D0FDEFE363F}.Debug|iPhone.Build.0 = Debug|Any CPU
		{4C4BA04D-D13C-40F1-B4E8-7D0FDEFE363F}.Debug|iPhone.Deploy.0 = Debug|Any CPU
		{4C4BA04D-D13C-40F1-B4E8-7D0FDEFE363F}.Debug|iPhoneSimulator.ActiveCfg = Debug|Any CPU
		{4C4BA04D-D13C-40F1-B4E8-7D0FDEFE363F}.Debug|iPhoneSimulator.Build.0 = Debug|Any CPU
		{4C4BA04D-D13C-40F1-B4E8-7D0FDEFE363F}.Debug|iPhoneSimulator.Deploy.0 = Debug|Any CPU
		{4C4BA04D-D13C-40F1-B4E8-7D0FDEFE363F}.Debug|x64.ActiveCfg = Debug|Any CPU
		{4C4BA04D-D13C-40F1-B4E8-7D0FDEFE363F}.Debug|x64.Build.0 = Debug|Any CPU
		{4C4BA04D-D13C-40F1-B4E8-7D0FDEFE363F}.Debug|x64.Deploy.0 = Debug|Any CPU
		{4C4BA04D-D13C-40F1-B4E8-7D0FDEFE363F}.Debug|x86.ActiveCfg = Debug|Any CPU
		{4C4BA04D-D13C-40F1-B4E8-7D0FDEFE363F}.Debug|x86.Build.0 = Debug|Any CPU
		{4C4BA04D-D13C-40F1-B4E8-7D0FDEFE363F}.Debug|x86.Deploy.0 = Debug|Any CPU
		{4C4BA04D-D13C-40F1-B4E8-7D0FDEFE363F}.Release|Any CPU.ActiveCfg = Release|Any CPU
		{4C4BA04D-D13C-40F1-B4E8-7D0FDEFE363F}.Release|Any CPU.Build.0 = Release|Any CPU
		{4C4BA04D-D13C-40F1-B4E8-7D0FDEFE363F}.Release|Any CPU.Deploy.0 = Release|Any CPU
		{4C4BA04D-D13C-40F1-B4E8-7D0FDEFE363F}.Release|ARM.ActiveCfg = Release|Any CPU
		{4C4BA04D-D13C-40F1-B4E8-7D0FDEFE363F}.Release|ARM.Build.0 = Release|Any CPU
		{4C4BA04D-D13C-40F1-B4E8-7D0FDEFE363F}.Release|ARM.Deploy.0 = Release|Any CPU
		{4C4BA04D-D13C-40F1-B4E8-7D0FDEFE363F}.Release|iPhone.ActiveCfg = Release|Any CPU
		{4C4BA04D-D13C-40F1-B4E8-7D0FDEFE363F}.Release|iPhone.Build.0 = Release|Any CPU
		{4C4BA04D-D13C-40F1-B4E8-7D0FDEFE363F}.Release|iPhone.Deploy.0 = Release|Any CPU
		{4C4BA04D-D13C-40F1-B4E8-7D0FDEFE363F}.Release|iPhoneSimulator.ActiveCfg = Release|Any CPU
		{4C4BA04D-D13C-40F1-B4E8-7D0FDEFE363F}.Release|iPhoneSimulator.Build.0 = Release|Any CPU
		{4C4BA04D-D13C-40F1-B4E8-7D0FDEFE363F}.Release|iPhoneSimulator.Deploy.0 = Release|Any CPU
		{4C4BA04D-D13C-40F1-B4E8-7D0FDEFE363F}.Release|x64.ActiveCfg = Release|Any CPU
		{4C4BA04D-D13C-40F1-B4E8-7D0FDEFE363F}.Release|x64.Build.0 = Release|Any CPU
		{4C4BA04D-D13C-40F1-B4E8-7D0FDEFE363F}.Release|x64.Deploy.0 = Release|Any CPU
		{4C4BA04D-D13C-40F1-B4E8-7D0FDEFE363F}.Release|x86.ActiveCfg = Release|Any CPU
		{4C4BA04D-D13C-40F1-B4E8-7D0FDEFE363F}.Release|x86.Build.0 = Release|Any CPU
		{4C4BA04D-D13C-40F1-B4E8-7D0FDEFE363F}.Release|x86.Deploy.0 = Release|Any CPU
		{3871F81B-DC2F-485B-A7C8-0FD75A1CFD55}.Ad-Hoc|Any CPU.ActiveCfg = Release|Any CPU
		{3871F81B-DC2F-485B-A7C8-0FD75A1CFD55}.Ad-Hoc|Any CPU.Build.0 = Release|Any CPU
		{3871F81B-DC2F-485B-A7C8-0FD75A1CFD55}.Ad-Hoc|ARM.ActiveCfg = Release|Any CPU
		{3871F81B-DC2F-485B-A7C8-0FD75A1CFD55}.Ad-Hoc|ARM.Build.0 = Release|Any CPU
		{3871F81B-DC2F-485B-A7C8-0FD75A1CFD55}.Ad-Hoc|iPhone.ActiveCfg = Release|Any CPU
		{3871F81B-DC2F-485B-A7C8-0FD75A1CFD55}.Ad-Hoc|iPhone.Build.0 = Release|Any CPU
		{3871F81B-DC2F-485B-A7C8-0FD75A1CFD55}.Ad-Hoc|iPhoneSimulator.ActiveCfg = Release|Any CPU
		{3871F81B-DC2F-485B-A7C8-0FD75A1CFD55}.Ad-Hoc|iPhoneSimulator.Build.0 = Release|Any CPU
		{3871F81B-DC2F-485B-A7C8-0FD75A1CFD55}.Ad-Hoc|x64.ActiveCfg = Release|Any CPU
		{3871F81B-DC2F-485B-A7C8-0FD75A1CFD55}.Ad-Hoc|x64.Build.0 = Release|Any CPU
		{3871F81B-DC2F-485B-A7C8-0FD75A1CFD55}.Ad-Hoc|x86.ActiveCfg = Release|Any CPU
		{3871F81B-DC2F-485B-A7C8-0FD75A1CFD55}.Ad-Hoc|x86.Build.0 = Release|Any CPU
		{3871F81B-DC2F-485B-A7C8-0FD75A1CFD55}.AppStore|Any CPU.ActiveCfg = Release|Any CPU
		{3871F81B-DC2F-485B-A7C8-0FD75A1CFD55}.AppStore|Any CPU.Build.0 = Release|Any CPU
		{3871F81B-DC2F-485B-A7C8-0FD75A1CFD55}.AppStore|ARM.ActiveCfg = Release|Any CPU
		{3871F81B-DC2F-485B-A7C8-0FD75A1CFD55}.AppStore|ARM.Build.0 = Release|Any CPU
		{3871F81B-DC2F-485B-A7C8-0FD75A1CFD55}.AppStore|iPhone.ActiveCfg = Release|Any CPU
		{3871F81B-DC2F-485B-A7C8-0FD75A1CFD55}.AppStore|iPhone.Build.0 = Release|Any CPU
		{3871F81B-DC2F-485B-A7C8-0FD75A1CFD55}.AppStore|iPhoneSimulator.ActiveCfg = Release|Any CPU
		{3871F81B-DC2F-485B-A7C8-0FD75A1CFD55}.AppStore|iPhoneSimulator.Build.0 = Release|Any CPU
		{3871F81B-DC2F-485B-A7C8-0FD75A1CFD55}.AppStore|x64.ActiveCfg = Release|Any CPU
		{3871F81B-DC2F-485B-A7C8-0FD75A1CFD55}.AppStore|x64.Build.0 = Release|Any CPU
		{3871F81B-DC2F-485B-A7C8-0FD75A1CFD55}.AppStore|x86.ActiveCfg = Release|Any CPU
		{3871F81B-DC2F-485B-A7C8-0FD75A1CFD55}.AppStore|x86.Build.0 = Release|Any CPU
		{3871F81B-DC2F-485B-A7C8-0FD75A1CFD55}.Debug|Any CPU.ActiveCfg = Debug|Any CPU
		{3871F81B-DC2F-485B-A7C8-0FD75A1CFD55}.Debug|Any CPU.Build.0 = Debug|Any CPU
		{3871F81B-DC2F-485B-A7C8-0FD75A1CFD55}.Debug|ARM.ActiveCfg = Debug|Any CPU
		{3871F81B-DC2F-485B-A7C8-0FD75A1CFD55}.Debug|ARM.Build.0 = Debug|Any CPU
		{3871F81B-DC2F-485B-A7C8-0FD75A1CFD55}.Debug|iPhone.ActiveCfg = Debug|Any CPU
		{3871F81B-DC2F-485B-A7C8-0FD75A1CFD55}.Debug|iPhone.Build.0 = Debug|Any CPU
		{3871F81B-DC2F-485B-A7C8-0FD75A1CFD55}.Debug|iPhoneSimulator.ActiveCfg = Debug|Any CPU
		{3871F81B-DC2F-485B-A7C8-0FD75A1CFD55}.Debug|iPhoneSimulator.Build.0 = Debug|Any CPU
		{3871F81B-DC2F-485B-A7C8-0FD75A1CFD55}.Debug|x64.ActiveCfg = Debug|Any CPU
		{3871F81B-DC2F-485B-A7C8-0FD75A1CFD55}.Debug|x64.Build.0 = Debug|Any CPU
		{3871F81B-DC2F-485B-A7C8-0FD75A1CFD55}.Debug|x86.ActiveCfg = Debug|Any CPU
		{3871F81B-DC2F-485B-A7C8-0FD75A1CFD55}.Debug|x86.Build.0 = Debug|Any CPU
		{3871F81B-DC2F-485B-A7C8-0FD75A1CFD55}.Release|Any CPU.ActiveCfg = Release|Any CPU
		{3871F81B-DC2F-485B-A7C8-0FD75A1CFD55}.Release|Any CPU.Build.0 = Release|Any CPU
		{3871F81B-DC2F-485B-A7C8-0FD75A1CFD55}.Release|ARM.ActiveCfg = Release|Any CPU
		{3871F81B-DC2F-485B-A7C8-0FD75A1CFD55}.Release|ARM.Build.0 = Release|Any CPU
		{3871F81B-DC2F-485B-A7C8-0FD75A1CFD55}.Release|iPhone.ActiveCfg = Release|Any CPU
		{3871F81B-DC2F-485B-A7C8-0FD75A1CFD55}.Release|iPhone.Build.0 = Release|Any CPU
		{3871F81B-DC2F-485B-A7C8-0FD75A1CFD55}.Release|iPhoneSimulator.ActiveCfg = Release|Any CPU
		{3871F81B-DC2F-485B-A7C8-0FD75A1CFD55}.Release|iPhoneSimulator.Build.0 = Release|Any CPU
		{3871F81B-DC2F-485B-A7C8-0FD75A1CFD55}.Release|x64.ActiveCfg = Release|Any CPU
		{3871F81B-DC2F-485B-A7C8-0FD75A1CFD55}.Release|x64.Build.0 = Release|Any CPU
		{3871F81B-DC2F-485B-A7C8-0FD75A1CFD55}.Release|x86.ActiveCfg = Release|Any CPU
		{3871F81B-DC2F-485B-A7C8-0FD75A1CFD55}.Release|x86.Build.0 = Release|Any CPU
		{A703B24B-DFF2-4AD0-9A14-72C51F5DBA96}.Ad-Hoc|Any CPU.ActiveCfg = Release|Any CPU
		{A703B24B-DFF2-4AD0-9A14-72C51F5DBA96}.Ad-Hoc|Any CPU.Build.0 = Release|Any CPU
		{A703B24B-DFF2-4AD0-9A14-72C51F5DBA96}.Ad-Hoc|ARM.ActiveCfg = Release|Any CPU
		{A703B24B-DFF2-4AD0-9A14-72C51F5DBA96}.Ad-Hoc|ARM.Build.0 = Release|Any CPU
		{A703B24B-DFF2-4AD0-9A14-72C51F5DBA96}.Ad-Hoc|iPhone.ActiveCfg = Release|Any CPU
		{A703B24B-DFF2-4AD0-9A14-72C51F5DBA96}.Ad-Hoc|iPhone.Build.0 = Release|Any CPU
		{A703B24B-DFF2-4AD0-9A14-72C51F5DBA96}.Ad-Hoc|iPhoneSimulator.ActiveCfg = Release|Any CPU
		{A703B24B-DFF2-4AD0-9A14-72C51F5DBA96}.Ad-Hoc|iPhoneSimulator.Build.0 = Release|Any CPU
		{A703B24B-DFF2-4AD0-9A14-72C51F5DBA96}.Ad-Hoc|x64.ActiveCfg = Release|Any CPU
		{A703B24B-DFF2-4AD0-9A14-72C51F5DBA96}.Ad-Hoc|x64.Build.0 = Release|Any CPU
		{A703B24B-DFF2-4AD0-9A14-72C51F5DBA96}.Ad-Hoc|x86.ActiveCfg = Release|Any CPU
		{A703B24B-DFF2-4AD0-9A14-72C51F5DBA96}.Ad-Hoc|x86.Build.0 = Release|Any CPU
		{A703B24B-DFF2-4AD0-9A14-72C51F5DBA96}.AppStore|Any CPU.ActiveCfg = Release|Any CPU
		{A703B24B-DFF2-4AD0-9A14-72C51F5DBA96}.AppStore|Any CPU.Build.0 = Release|Any CPU
		{A703B24B-DFF2-4AD0-9A14-72C51F5DBA96}.AppStore|ARM.ActiveCfg = Release|Any CPU
		{A703B24B-DFF2-4AD0-9A14-72C51F5DBA96}.AppStore|ARM.Build.0 = Release|Any CPU
		{A703B24B-DFF2-4AD0-9A14-72C51F5DBA96}.AppStore|iPhone.ActiveCfg = Release|Any CPU
		{A703B24B-DFF2-4AD0-9A14-72C51F5DBA96}.AppStore|iPhone.Build.0 = Release|Any CPU
		{A703B24B-DFF2-4AD0-9A14-72C51F5DBA96}.AppStore|iPhoneSimulator.ActiveCfg = Release|Any CPU
		{A703B24B-DFF2-4AD0-9A14-72C51F5DBA96}.AppStore|iPhoneSimulator.Build.0 = Release|Any CPU
		{A703B24B-DFF2-4AD0-9A14-72C51F5DBA96}.AppStore|x64.ActiveCfg = Release|Any CPU
		{A703B24B-DFF2-4AD0-9A14-72C51F5DBA96}.AppStore|x64.Build.0 = Release|Any CPU
		{A703B24B-DFF2-4AD0-9A14-72C51F5DBA96}.AppStore|x86.ActiveCfg = Release|Any CPU
		{A703B24B-DFF2-4AD0-9A14-72C51F5DBA96}.AppStore|x86.Build.0 = Release|Any CPU
		{A703B24B-DFF2-4AD0-9A14-72C51F5DBA96}.Debug|Any CPU.ActiveCfg = Debug|Any CPU
		{A703B24B-DFF2-4AD0-9A14-72C51F5DBA96}.Debug|Any CPU.Build.0 = Debug|Any CPU
		{A703B24B-DFF2-4AD0-9A14-72C51F5DBA96}.Debug|ARM.ActiveCfg = Debug|Any CPU
		{A703B24B-DFF2-4AD0-9A14-72C51F5DBA96}.Debug|ARM.Build.0 = Debug|Any CPU
		{A703B24B-DFF2-4AD0-9A14-72C51F5DBA96}.Debug|iPhone.ActiveCfg = Debug|Any CPU
		{A703B24B-DFF2-4AD0-9A14-72C51F5DBA96}.Debug|iPhone.Build.0 = Debug|Any CPU
		{A703B24B-DFF2-4AD0-9A14-72C51F5DBA96}.Debug|iPhoneSimulator.ActiveCfg = Debug|Any CPU
		{A703B24B-DFF2-4AD0-9A14-72C51F5DBA96}.Debug|iPhoneSimulator.Build.0 = Debug|Any CPU
		{A703B24B-DFF2-4AD0-9A14-72C51F5DBA96}.Debug|x64.ActiveCfg = Debug|Any CPU
		{A703B24B-DFF2-4AD0-9A14-72C51F5DBA96}.Debug|x64.Build.0 = Debug|Any CPU
		{A703B24B-DFF2-4AD0-9A14-72C51F5DBA96}.Debug|x86.ActiveCfg = Debug|Any CPU
		{A703B24B-DFF2-4AD0-9A14-72C51F5DBA96}.Debug|x86.Build.0 = Debug|Any CPU
		{A703B24B-DFF2-4AD0-9A14-72C51F5DBA96}.Release|Any CPU.ActiveCfg = Release|Any CPU
		{A703B24B-DFF2-4AD0-9A14-72C51F5DBA96}.Release|Any CPU.Build.0 = Release|Any CPU
		{A703B24B-DFF2-4AD0-9A14-72C51F5DBA96}.Release|ARM.ActiveCfg = Release|Any CPU
		{A703B24B-DFF2-4AD0-9A14-72C51F5DBA96}.Release|ARM.Build.0 = Release|Any CPU
		{A703B24B-DFF2-4AD0-9A14-72C51F5DBA96}.Release|iPhone.ActiveCfg = Release|Any CPU
		{A703B24B-DFF2-4AD0-9A14-72C51F5DBA96}.Release|iPhone.Build.0 = Release|Any CPU
		{A703B24B-DFF2-4AD0-9A14-72C51F5DBA96}.Release|iPhoneSimulator.ActiveCfg = Release|Any CPU
		{A703B24B-DFF2-4AD0-9A14-72C51F5DBA96}.Release|iPhoneSimulator.Build.0 = Release|Any CPU
		{A703B24B-DFF2-4AD0-9A14-72C51F5DBA96}.Release|x64.ActiveCfg = Release|Any CPU
		{A703B24B-DFF2-4AD0-9A14-72C51F5DBA96}.Release|x64.Build.0 = Release|Any CPU
		{A703B24B-DFF2-4AD0-9A14-72C51F5DBA96}.Release|x86.ActiveCfg = Release|Any CPU
		{A703B24B-DFF2-4AD0-9A14-72C51F5DBA96}.Release|x86.Build.0 = Release|Any CPU
	EndGlobalSection
	GlobalSection(SolutionProperties) = preSolution
		HideSolutionNode = FALSE
	EndGlobalSection
	GlobalSection(ExtensibilityGlobals) = postSolution
		SolutionGuid = {390534D2-2178-49E4-A204-EC5679BBF96E}
	EndGlobalSection
EndGlobal
